
Microsoft Visual Studio Solution File, Format Version 12.00
# Visual Studio Version 16
VisualStudioVersion = 16.0.30503.244
MinimumVisualStudioVersion = 10.0.40219.1
Project("{FAE04EC0-301F-11D3-BF4B-00C04F79EFBC}") = "WebApi.Todo.DataAccess", "WebApi.Todo.DataAccess\WebApi.Todo.DataAccess.csproj", "{7067261A-75D7-43B2-83B8-263BDD261419}"
EndProject
Project("{FAE04EC0-301F-11D3-BF4B-00C04F79EFBC}") = "WebApi.Todo.DataModel", "WebApi.Todo.DataModel\WebApi.Todo.DataModel.csproj", "{4708F41B-54B2-4C13-B83D-6CD36DC3C390}"
EndProject
Project("{FAE04EC0-301F-11D3-BF4B-00C04F79EFBC}") = "WebApi.Todo.Models", "WebApi.Todo.Models\WebApi.Todo.Models.csproj", "{AD9E7B54-B2B2-4117-99DF-9281D49BB74E}"
EndProject
Project("{FAE04EC0-301F-11D3-BF4B-00C04F79EFBC}") = "WebApi.Todo.Services", "WebApi.Todo.Services\WebApi.Todo.Services.csproj", "{468FA4C3-0E63-4318-A1CE-0474863804F8}"
EndProject
Project("{FAE04EC0-301F-11D3-BF4B-00C04F79EFBC}") = "WebApi.Todo.Application", "WebApi.Todo.Application\WebApi.Todo.Application.csproj", "{B42A094E-A49F-413B-8DCE-5824E2836A1E}"
EndProject
Global
	GlobalSection(SolutionConfigurationPlatforms) = preSolution
		Debug|Any CPU = Debug|Any CPU
		Release|Any CPU = Release|Any CPU
	EndGlobalSection
	GlobalSection(ProjectConfigurationPlatforms) = postSolution
		{7067261A-75D7-43B2-83B8-263BDD261419}.Debug|Any CPU.ActiveCfg = Debug|Any CPU
		{7067261A-75D7-43B2-83B8-263BDD261419}.Debug|Any CPU.Build.0 = Debug|Any CPU
		{7067261A-75D7-43B2-83B8-263BDD261419}.Release|Any CPU.ActiveCfg = Release|Any CPU
		{7067261A-75D7-43B2-83B8-263BDD261419}.Release|Any CPU.Build.0 = Release|Any CPU
		{4708F41B-54B2-4C13-B83D-6CD36DC3C390}.Debug|Any CPU.ActiveCfg = Debug|Any CPU
		{4708F41B-54B2-4C13-B83D-6CD36DC3C390}.Debug|Any CPU.Build.0 = Debug|Any CPU
		{4708F41B-54B2-4C13-B83D-6CD36DC3C390}.Release|Any CPU.ActiveCfg = Release|Any CPU
		{4708F41B-54B2-4C13-B83D-6CD36DC3C390}.Release|Any CPU.Build.0 = Release|Any CPU
		{AD9E7B54-B2B2-4117-99DF-9281D49BB74E}.Debug|Any CPU.ActiveCfg = Debug|Any CPU
		{AD9E7B54-B2B2-4117-99DF-9281D49BB74E}.Debug|Any CPU.Build.0 = Debug|Any CPU
		{AD9E7B54-B2B2-4117-99DF-9281D49BB74E}.Release|Any CPU.ActiveCfg = Release|Any CPU
		{AD9E7B54-B2B2-4117-99DF-9281D49BB74E}.Release|Any CPU.Build.0 = Release|Any CPU
		{468FA4C3-0E63-4318-A1CE-0474863804F8}.Debug|Any CPU.ActiveCfg = Debug|Any CPU
		{468FA4C3-0E63-4318-A1CE-0474863804F8}.Debug|Any CPU.Build.0 = Debug|Any CPU
		{468FA4C3-0E63-4318-A1CE-0474863804F8}.Release|Any CPU.ActiveCfg = Release|Any CPU
		{468FA4C3-0E63-4318-A1CE-0474863804F8}.Release|Any CPU.Build.0 = Release|Any CPU
		{B42A094E-A49F-413B-8DCE-5824E2836A1E}.Debug|Any CPU.ActiveCfg = Debug|Any CPU
		{B42A094E-A49F-413B-8DCE-5824E2836A1E}.Debug|Any CPU.Build.0 = Debug|Any CPU
		{B42A094E-A49F-413B-8DCE-5824E2836A1E}.Release|Any CPU.ActiveCfg = Release|Any CPU
		{B42A094E-A49F-413B-8DCE-5824E2836A1E}.Release|Any CPU.Build.0 = Release|Any CPU
	EndGlobalSection
	GlobalSection(SolutionProperties) = preSolution
		HideSolutionNode = FALSE
	EndGlobalSection
	GlobalSection(ExtensibilityGlobals) = postSolution
		SolutionGuid = {68D27052-93BB-484E-B875-CDBBC77328AB}
	EndGlobalSection
EndGlobal
